<?xml version="1.0" encoding="utf-8"?>
<Project ToolsVersion="4.0" xmlns="http://schemas.microsoft.com/developer/msbuild/2003">
  <ItemGroup>
    <Filter Include="Исходные файлы">
      <UniqueIdentifier>{4FC737F1-C7A5-4376-A066-2A32D752A2FF}</UniqueIdentifier>
      <Extensions>cpp;c;cc;cxx;c++;cppm;ixx;def;odl;idl;hpj;bat;asm;asmx</Extensions>
    </Filter>
    <Filter Include="Файлы заголовков">
      <UniqueIdentifier>{93995380-89BD-4b04-88EB-625FBE52EBFB}</UniqueIdentifier>
      <Extensions>h;hh;hpp;hxx;h++;hm;inl;inc;ipp;xsd</Extensions>
    </Filter>
    <Filter Include="Файлы ресурсов">
      <UniqueIdentifier>{67DA6AB6-F800-4c08-8B7A-83BB121AAD01}</UniqueIdentifier>
      <Extensions>rc;ico;cur;bmp;dlg;rc2;rct;bin;rgs;gif;jpg;jpeg;jpe;resx;tiff;tif;png;wav;mfcribbon-ms</Extensions>
    </Filter>
  </ItemGroup>
  <ItemGroup>
    <ClCompile Include="SRTF.cpp">
      <Filter>Исходные файлы</Filter>
    </ClCompile>
  </ItemGroup>
  <ItemGroup>
    <ClInclude Include="bits\atomic_word.h">
      <Filter>Файлы заголовков</Filter>
    </ClInclude>
    <ClInclude Include="bits\basic_file.h">
      <Filter>Файлы заголовков</Filter>
    </ClInclude>
    <ClInclude Include="bits\c++allocator.h">
      <Filter>Файлы заголовков</Filter>
    </ClInclude>
    <ClInclude Include="bits\c++config.h">
      <Filter>Файлы заголовков</Filter>
    </ClInclude>
    <ClInclude Include="bits\c++io.h">
      <Filter>Файлы заголовков</Filter>
    </ClInclude>
    <ClInclude Include="bits\c++locale.h">
      <Filter>Файлы заголовков</Filter>
    </ClInclude>
    <ClInclude Include="bits\cpu_defines.h">
      <Filter>Файлы заголовков</Filter>
    </ClInclude>
    <ClInclude Include="bits\ctype_base.h">
      <Filter>Файлы заголовков</Filter>
    </ClInclude>
    <ClInclude Include="bits\ctype_inline.h">
      <Filter>Файлы заголовков</Filter>
    </ClInclude>
    <ClInclude Include="bits\cxxabi_tweaks.h">
      <Filter>Файлы заголовков</Filter>
    </ClInclude>
    <ClInclude Include="bits\error_constants.h">
      <Filter>Файлы заголовков</Filter>
    </ClInclude>
    <ClInclude Include="bits\extc++.h">
      <Filter>Файлы заголовков</Filter>
    </ClInclude>
    <ClInclude Include="bits\gthr.h">
      <Filter>Файлы заголовков</Filter>
    </ClInclude>
    <ClInclude Include="bits\gthr-default.h">
      <Filter>Файлы заголовков</Filter>
    </ClInclude>
    <ClInclude Include="bits\gthr-posix.h">
      <Filter>Файлы заголовков</Filter>
    </ClInclude>
    <ClInclude Include="bits\gthr-single.h">
      <Filter>Файлы заголовков</Filter>
    </ClInclude>
    <ClInclude Include="bits\messages_members.h">
      <Filter>Файлы заголовков</Filter>
    </ClInclude>
    <ClInclude Include="bits\opt_random.h">
      <Filter>Файлы заголовков</Filter>
    </ClInclude>
    <ClInclude Include="bits\os_defines.h">
      <Filter>Файлы заголовков</Filter>
    </ClInclude>
    <ClInclude Include="bits\stdc++.h">
      <Filter>Файлы заголовков</Filter>
    </ClInclude>
    <ClInclude Include="bits\stdtr1c++.h">
      <Filter>Файлы заголовков</Filter>
    </ClInclude>
    <ClInclude Include="bits\time_members.h">
      <Filter>Файлы заголовков</Filter>
    </ClInclude>
  </ItemGroup>
</Project>